
Microsoft Visual Studio Solution File, Format Version 12.00
# Visual Studio Version 16
VisualStudioVersion = 16.0.30804.86
MinimumVisualStudioVersion = 10.0.40219.1
Project("{FAE04EC0-301F-11D3-BF4B-00C04F79EFBC}") = "MarsRoverNasa", "MarsRoverNasa.csproj", "{6FAF7C88-77D3-4834-B3F7-8FD657B26E7C}"
EndProject
Project("{FAE04EC0-301F-11D3-BF4B-00C04F79EFBC}") = "MarsRoverNasaTest", "..\MarsRoverNasaTest\MarsRoverNasaTest.csproj", "{AF0886BA-D6A1-4F4E-858E-8101CCDEDA68}"
EndProject
Global
	GlobalSection(SolutionConfigurationPlatforms) = preSolution
		Debug|Any CPU = Debug|Any CPU
		Release|Any CPU = Release|Any CPU
	EndGlobalSection
	GlobalSection(ProjectConfigurationPlatforms) = postSolution
		{6FAF7C88-77D3-4834-B3F7-8FD657B26E7C}.Debug|Any CPU.ActiveCfg = Debug|Any CPU
		{6FAF7C88-77D3-4834-B3F7-8FD657B26E7C}.Debug|Any CPU.Build.0 = Debug|Any CPU
		{6FAF7C88-77D3-4834-B3F7-8FD657B26E7C}.Release|Any CPU.ActiveCfg = Release|Any CPU
		{6FAF7C88-77D3-4834-B3F7-8FD657B26E7C}.Release|Any CPU.Build.0 = Release|Any CPU
		{AF0886BA-D6A1-4F4E-858E-8101CCDEDA68}.Debug|Any CPU.ActiveCfg = Debug|Any CPU
		{AF0886BA-D6A1-4F4E-858E-8101CCDEDA68}.Debug|Any CPU.Build.0 = Debug|Any CPU
		{AF0886BA-D6A1-4F4E-858E-8101CCDEDA68}.Release|Any CPU.ActiveCfg = Release|Any CPU
		{AF0886BA-D6A1-4F4E-858E-8101CCDEDA68}.Release|Any CPU.Build.0 = Release|Any CPU
	EndGlobalSection
	GlobalSection(SolutionProperties) = preSolution
		HideSolutionNode = FALSE
	EndGlobalSection
	GlobalSection(ExtensibilityGlobals) = postSolution
		SolutionGuid = {B92FCB84-371B-4E58-808B-CE0D4EB80695}
	EndGlobalSection
EndGlobal
